
Microsoft Visual Studio Solution File, Format Version 12.00
# Visual Studio Version 16
VisualStudioVersion = 16.0.33423.256
MinimumVisualStudioVersion = 10.0.40219.1
Project("{FAE04EC0-301F-11D3-BF4B-00C04F79EFBC}") = "ProyFinal", "ProyFinal\ProyFinal.csproj", "{33C6EC9D-3C6C-447B-9A37-919933A544F8}"
EndProject
Global
	GlobalSection(SolutionConfigurationPlatforms) = preSolution
		Debug|Any CPU = Debug|Any CPU
		Release|Any CPU = Release|Any CPU
	EndGlobalSection
	GlobalSection(ProjectConfigurationPlatforms) = postSolution
		{33C6EC9D-3C6C-447B-9A37-919933A544F8}.Debug|Any CPU.ActiveCfg = Debug|Any CPU
		{33C6EC9D-3C6C-447B-9A37-919933A544F8}.Debug|Any CPU.Build.0 = Debug|Any CPU
		{33C6EC9D-3C6C-447B-9A37-919933A544F8}.Release|Any CPU.ActiveCfg = Release|Any CPU
		{33C6EC9D-3C6C-447B-9A37-919933A544F8}.Release|Any CPU.Build.0 = Release|Any CPU
	EndGlobalSection
	GlobalSection(SolutionProperties) = preSolution
		HideSolutionNode = FALSE
	EndGlobalSection
	GlobalSection(ExtensibilityGlobals) = postSolution
		SolutionGuid = {EF211895-AEB4-4789-AB28-A2698E056663}
	EndGlobalSection
EndGlobal
